
Microsoft Visual Studio Solution File, Format Version 12.00
# Visual Studio Version 17
VisualStudioVersion = 17.1.32210.238
MinimumVisualStudioVersion = 10.0.40219.1
Project("{9A19103F-16F7-4668-BE54-9A1E7A4F7556}") = "APIGateway", "Backend-Code-S6\APIGateway.csproj", "{F9738546-C8C7-420E-9FB4-578D61CB0FA4}"
EndProject
Project("{9A19103F-16F7-4668-BE54-9A1E7A4F7556}") = "AccountService.Microservice", "AccountService\AccountService.Microservice.csproj", "{1F9479BD-D9FF-466A-AC99-D7078A27A316}"
EndProject
Project("{9A19103F-16F7-4668-BE54-9A1E7A4F7556}") = "AccountService.Microservice.Test", "AccountService.Microservice.Test\AccountService.Microservice.Test.csproj", "{06B12703-F52D-434E-9526-FBD14DC17EFA}"
EndProject
Project("{2150E333-8FDC-42A3-9474-1A3956D46DE8}") = "AccountService", "AccountService", "{1639F01C-9C51-4C2C-AE00-669273B99979}"
EndProject
Project("{2150E333-8FDC-42A3-9474-1A3956D46DE8}") = "OrderService", "OrderService", "{3E7FF21A-6473-4F5B-93E8-890908EC7981}"
EndProject
Project("{FAE04EC0-301F-11D3-BF4B-00C04F79EFBC}") = "OrderService.Microservice", "OrderService.Microservice\OrderService.Microservice.csproj", "{D0C864DD-34D4-43F3-9283-40A7E5FA0B3A}"
EndProject
Project("{9A19103F-16F7-4668-BE54-9A1E7A4F7556}") = "SharedLibrary", "ClassLibrary\SharedLibrary.csproj", "{612D5312-24B1-429D-9C59-2E937A31402F}"
EndProject
Project("{FAE04EC0-301F-11D3-BF4B-00C04F79EFBC}") = "WebApplicationBidSender", "WebApplicationBidSender\WebApplicationBidSender.csproj", "{54E117D2-2A73-4015-80A9-91DDDBB5D0C9}"
EndProject
Global
	GlobalSection(SolutionConfigurationPlatforms) = preSolution
		Debug|Any CPU = Debug|Any CPU
		Release|Any CPU = Release|Any CPU
	EndGlobalSection
	GlobalSection(ProjectConfigurationPlatforms) = postSolution
		{F9738546-C8C7-420E-9FB4-578D61CB0FA4}.Debug|Any CPU.ActiveCfg = Debug|Any CPU
		{F9738546-C8C7-420E-9FB4-578D61CB0FA4}.Debug|Any CPU.Build.0 = Debug|Any CPU
		{F9738546-C8C7-420E-9FB4-578D61CB0FA4}.Release|Any CPU.ActiveCfg = Release|Any CPU
		{F9738546-C8C7-420E-9FB4-578D61CB0FA4}.Release|Any CPU.Build.0 = Release|Any CPU
		{1F9479BD-D9FF-466A-AC99-D7078A27A316}.Debug|Any CPU.ActiveCfg = Debug|Any CPU
		{1F9479BD-D9FF-466A-AC99-D7078A27A316}.Debug|Any CPU.Build.0 = Debug|Any CPU
		{1F9479BD-D9FF-466A-AC99-D7078A27A316}.Release|Any CPU.ActiveCfg = Release|Any CPU
		{1F9479BD-D9FF-466A-AC99-D7078A27A316}.Release|Any CPU.Build.0 = Release|Any CPU
		{06B12703-F52D-434E-9526-FBD14DC17EFA}.Debug|Any CPU.ActiveCfg = Debug|Any CPU
		{06B12703-F52D-434E-9526-FBD14DC17EFA}.Debug|Any CPU.Build.0 = Debug|Any CPU
		{06B12703-F52D-434E-9526-FBD14DC17EFA}.Release|Any CPU.ActiveCfg = Release|Any CPU
		{06B12703-F52D-434E-9526-FBD14DC17EFA}.Release|Any CPU.Build.0 = Release|Any CPU
		{D0C864DD-34D4-43F3-9283-40A7E5FA0B3A}.Debug|Any CPU.ActiveCfg = Debug|Any CPU
		{D0C864DD-34D4-43F3-9283-40A7E5FA0B3A}.Debug|Any CPU.Build.0 = Debug|Any CPU
		{D0C864DD-34D4-43F3-9283-40A7E5FA0B3A}.Release|Any CPU.ActiveCfg = Release|Any CPU
		{D0C864DD-34D4-43F3-9283-40A7E5FA0B3A}.Release|Any CPU.Build.0 = Release|Any CPU
		{612D5312-24B1-429D-9C59-2E937A31402F}.Debug|Any CPU.ActiveCfg = Debug|Any CPU
		{612D5312-24B1-429D-9C59-2E937A31402F}.Debug|Any CPU.Build.0 = Debug|Any CPU
		{612D5312-24B1-429D-9C59-2E937A31402F}.Release|Any CPU.ActiveCfg = Release|Any CPU
		{612D5312-24B1-429D-9C59-2E937A31402F}.Release|Any CPU.Build.0 = Release|Any CPU
		{54E117D2-2A73-4015-80A9-91DDDBB5D0C9}.Debug|Any CPU.ActiveCfg = Debug|Any CPU
		{54E117D2-2A73-4015-80A9-91DDDBB5D0C9}.Debug|Any CPU.Build.0 = Debug|Any CPU
		{54E117D2-2A73-4015-80A9-91DDDBB5D0C9}.Release|Any CPU.ActiveCfg = Release|Any CPU
		{54E117D2-2A73-4015-80A9-91DDDBB5D0C9}.Release|Any CPU.Build.0 = Release|Any CPU
	EndGlobalSection
	GlobalSection(SolutionProperties) = preSolution
		HideSolutionNode = FALSE
	EndGlobalSection
	GlobalSection(NestedProjects) = preSolution
		{1F9479BD-D9FF-466A-AC99-D7078A27A316} = {1639F01C-9C51-4C2C-AE00-669273B99979}
		{06B12703-F52D-434E-9526-FBD14DC17EFA} = {1639F01C-9C51-4C2C-AE00-669273B99979}
		{D0C864DD-34D4-43F3-9283-40A7E5FA0B3A} = {3E7FF21A-6473-4F5B-93E8-890908EC7981}
		{612D5312-24B1-429D-9C59-2E937A31402F} = {3E7FF21A-6473-4F5B-93E8-890908EC7981}
		{54E117D2-2A73-4015-80A9-91DDDBB5D0C9} = {3E7FF21A-6473-4F5B-93E8-890908EC7981}
	EndGlobalSection
	GlobalSection(ExtensibilityGlobals) = postSolution
		SolutionGuid = {438717B0-27A0-4178-ACC4-8D2535DADDEA}
	EndGlobalSection
EndGlobal
